
Microsoft Visual Studio Solution File, Format Version 12.00
# Visual Studio 15
VisualStudioVersion = 15.0.26403.3
MinimumVisualStudioVersion = 10.0.40219.1
Project("{FAE04EC0-301F-11D3-BF4B-00C04F79EFBC}") = "01ParkingLot", "01ParkingLot\01ParkingLot.csproj", "{E9EAC24B-063C-4BAC-A4DE-91B10D967454}"
EndProject
Project("{FAE04EC0-301F-11D3-BF4B-00C04F79EFBC}") = "02SoftUniParty", "02SoftUniParty\02SoftUniParty.csproj", "{71266CA7-90A3-49ED-92F5-3AC87B9E980A}"
EndProject
Project("{FAE04EC0-301F-11D3-BF4B-00C04F79EFBC}") = "03CountSameValuesInArray", "03CountSameValuesInArray\03CountSameValuesInArray.csproj", "{14FFB524-9B82-49C0-9291-ABF893736A02}"
EndProject
Project("{FAE04EC0-301F-11D3-BF4B-00C04F79EFBC}") = "04AcademyGraduation", "04AcademyGraduation\04AcademyGraduation.csproj", "{54A90BCE-4479-493D-B147-8AB0A7710314}"
EndProject
Global
	GlobalSection(SolutionConfigurationPlatforms) = preSolution
		Debug|Any CPU = Debug|Any CPU
		Release|Any CPU = Release|Any CPU
	EndGlobalSection
	GlobalSection(ProjectConfigurationPlatforms) = postSolution
		{E9EAC24B-063C-4BAC-A4DE-91B10D967454}.Debug|Any CPU.ActiveCfg = Debug|Any CPU
		{E9EAC24B-063C-4BAC-A4DE-91B10D967454}.Debug|Any CPU.Build.0 = Debug|Any CPU
		{E9EAC24B-063C-4BAC-A4DE-91B10D967454}.Release|Any CPU.ActiveCfg = Release|Any CPU
		{E9EAC24B-063C-4BAC-A4DE-91B10D967454}.Release|Any CPU.Build.0 = Release|Any CPU
		{71266CA7-90A3-49ED-92F5-3AC87B9E980A}.Debug|Any CPU.ActiveCfg = Debug|Any CPU
		{71266CA7-90A3-49ED-92F5-3AC87B9E980A}.Debug|Any CPU.Build.0 = Debug|Any CPU
		{71266CA7-90A3-49ED-92F5-3AC87B9E980A}.Release|Any CPU.ActiveCfg = Release|Any CPU
		{71266CA7-90A3-49ED-92F5-3AC87B9E980A}.Release|Any CPU.Build.0 = Release|Any CPU
		{14FFB524-9B82-49C0-9291-ABF893736A02}.Debug|Any CPU.ActiveCfg = Debug|Any CPU
		{14FFB524-9B82-49C0-9291-ABF893736A02}.Debug|Any CPU.Build.0 = Debug|Any CPU
		{14FFB524-9B82-49C0-9291-ABF893736A02}.Release|Any CPU.ActiveCfg = Release|Any CPU
		{14FFB524-9B82-49C0-9291-ABF893736A02}.Release|Any CPU.Build.0 = Release|Any CPU
		{54A90BCE-4479-493D-B147-8AB0A7710314}.Debug|Any CPU.ActiveCfg = Debug|Any CPU
		{54A90BCE-4479-493D-B147-8AB0A7710314}.Debug|Any CPU.Build.0 = Debug|Any CPU
		{54A90BCE-4479-493D-B147-8AB0A7710314}.Release|Any CPU.ActiveCfg = Release|Any CPU
		{54A90BCE-4479-493D-B147-8AB0A7710314}.Release|Any CPU.Build.0 = Release|Any CPU
	EndGlobalSection
	GlobalSection(SolutionProperties) = preSolution
		HideSolutionNode = FALSE
	EndGlobalSection
EndGlobal
